
Microsoft Visual Studio Solution File, Format Version 12.00
# Visual Studio Version 16
VisualStudioVersion = 16.0.31729.503
MinimumVisualStudioVersion = 10.0.40219.1
Project("{FAE04EC0-301F-11D3-BF4B-00C04F79EFBC}") = "Class constructor", "Class constructor\Class constructor.csproj", "{78662D44-DB37-48D6-98ED-ED3BA3812DAA}"
EndProject
Global
	GlobalSection(SolutionConfigurationPlatforms) = preSolution
		Debug|Any CPU = Debug|Any CPU
		Release|Any CPU = Release|Any CPU
	EndGlobalSection
	GlobalSection(ProjectConfigurationPlatforms) = postSolution
		{78662D44-DB37-48D6-98ED-ED3BA3812DAA}.Debug|Any CPU.ActiveCfg = Debug|Any CPU
		{78662D44-DB37-48D6-98ED-ED3BA3812DAA}.Debug|Any CPU.Build.0 = Debug|Any CPU
		{78662D44-DB37-48D6-98ED-ED3BA3812DAA}.Release|Any CPU.ActiveCfg = Release|Any CPU
		{78662D44-DB37-48D6-98ED-ED3BA3812DAA}.Release|Any CPU.Build.0 = Release|Any CPU
	EndGlobalSection
	GlobalSection(SolutionProperties) = preSolution
		HideSolutionNode = FALSE
	EndGlobalSection
	GlobalSection(ExtensibilityGlobals) = postSolution
		SolutionGuid = {D25BFDA2-1278-4A61-BDFF-8551852F73BF}
	EndGlobalSection
EndGlobal
